
Microsoft Visual Studio Solution File, Format Version 11.00
# Visual Studio 2010
Project("{FAE04EC0-301F-11D3-BF4B-00C04F79EFBC}") = "Prueba RevArts Proyecto", "Assembly-CSharp.csproj", "{D52F8BE9-CCE0-AD58-2B56-6B23B88C63C2}"
EndProject
Project("{FAE04EC0-301F-11D3-BF4B-00C04F79EFBC}") = "Prueba RevArts Proyecto", "Assembly-CSharp-Editor.csproj", "{C28F80A9-394E-DEA0-DB14-100345E7DD1E}"
EndProject
Global
	GlobalSection(SolutionConfigurationPlatforms) = preSolution
		Debug|Any CPU = Debug|Any CPU
		Release|Any CPU = Release|Any CPU
	EndGlobalSection
	GlobalSection(ProjectConfigurationPlatforms) = postSolution
		{D52F8BE9-CCE0-AD58-2B56-6B23B88C63C2}.Debug|Any CPU.ActiveCfg = Debug|Any CPU
		{D52F8BE9-CCE0-AD58-2B56-6B23B88C63C2}.Debug|Any CPU.Build.0 = Debug|Any CPU
		{D52F8BE9-CCE0-AD58-2B56-6B23B88C63C2}.Release|Any CPU.ActiveCfg = Release|Any CPU
		{D52F8BE9-CCE0-AD58-2B56-6B23B88C63C2}.Release|Any CPU.Build.0 = Release|Any CPU
		{C28F80A9-394E-DEA0-DB14-100345E7DD1E}.Debug|Any CPU.ActiveCfg = Debug|Any CPU
		{C28F80A9-394E-DEA0-DB14-100345E7DD1E}.Debug|Any CPU.Build.0 = Debug|Any CPU
		{C28F80A9-394E-DEA0-DB14-100345E7DD1E}.Release|Any CPU.ActiveCfg = Release|Any CPU
		{C28F80A9-394E-DEA0-DB14-100345E7DD1E}.Release|Any CPU.Build.0 = Release|Any CPU
	EndGlobalSection
	GlobalSection(SolutionProperties) = preSolution
		HideSolutionNode = FALSE
	EndGlobalSection
	GlobalSection(MonoDevelopProperties) = preSolution
		StartupItem = Assembly-CSharp.csproj
	EndGlobalSection
EndGlobal
